
Microsoft Visual Studio Solution File, Format Version 11.00
# Visual Studio 2010
Project("{FAE04EC0-301F-11D3-BF4B-00C04F79EFBC}") = "BindingToDynamicTypes", "BindingToDynamicTypes\BindingToDynamicTypes.csproj", "{B88D6323-7A0A-410F-B586-D6325B6EB9CC}"
EndProject
Global
	GlobalSection(SolutionConfigurationPlatforms) = preSolution
		Debug|Any CPU = Debug|Any CPU
		Release|Any CPU = Release|Any CPU
	EndGlobalSection
	GlobalSection(ProjectConfigurationPlatforms) = postSolution
		{B88D6323-7A0A-410F-B586-D6325B6EB9CC}.Debug|Any CPU.ActiveCfg = Debug|Any CPU
		{B88D6323-7A0A-410F-B586-D6325B6EB9CC}.Debug|Any CPU.Build.0 = Debug|Any CPU
		{B88D6323-7A0A-410F-B586-D6325B6EB9CC}.Release|Any CPU.ActiveCfg = Release|Any CPU
		{B88D6323-7A0A-410F-B586-D6325B6EB9CC}.Release|Any CPU.Build.0 = Release|Any CPU
	EndGlobalSection
	GlobalSection(SolutionProperties) = preSolution
		HideSolutionNode = FALSE
	EndGlobalSection
EndGlobal
